{
  "nodes": {
    "all-cabal-hashes": {
      "flake": false,
      "locked": {
        "lastModified": 1695900436,
        "narHash": "sha256-KES3cxDYWwjEycb450JiWVqh+u8tnJ0hqGeRefit8cA=",
        "owner": "commercialhaskell",
        "repo": "all-cabal-hashes",
        "rev": "8065d6e7e6afb16dddfbd729256d4d800fff639a",
        "type": "github"
      },
      "original": {
        "owner": "commercialhaskell",
        "ref": "hackage",
        "repo": "all-cabal-hashes",
        "type": "github"
      }
    },
    "nixpkgs": {
      "locked": {
        "lastModified": 1695892508,
        "narHash": "sha256-g3LOqOKnf02n7OhMnL/yWyEhG6u3B1TFQy9+Se2ZHR8=",
        "owner": "NixOS",
        "repo": "nixpkgs",
        "rev": "72bac92db7f9bd7e8e883b4abfad422b17b48207",
        "type": "github"
      },
      "original": {
        "owner": "NixOS",
        "ref": "release-23.05",
        "repo": "nixpkgs",
        "type": "github"
      }
    },
    "root": {
      "inputs": {
        "all-cabal-hashes": "all-cabal-hashes",
        "nixpkgs": "nixpkgs",
        "stacklock2nix": "stacklock2nix"
      }
    },
    "stacklock2nix": {
      "locked": {
        "lastModified": 1690941746,
        "narHash": "sha256-nTxk2A7lOeNoxeZPaKkHGFuZokWf2oDGe5ii1d3SfW0=",
        "owner": "cdepillabout",
        "repo": "stacklock2nix",
        "rev": "292fe5d9b9298234ea783157f5698ff925dd325c",
        "type": "github"
      },
      "original": {
        "owner": "cdepillabout",
        "repo": "stacklock2nix",
        "type": "github"
      }
    }
  },
  "root": "root",
  "version": 7
}
