# This file was autogenerated by Stack.
# You should not edit this file by hand.
# For more information, please see the documentation at:
#   https://docs.haskellstack.org/en/stable/lock_files

packages:
- completed:
    hackage: amazonka-2.0@sha256:3481da2fda6b210d15d41c1db7a588adf68123cfb7ea3882797a6230003259db,3505
    pantry-tree:
      sha256: 01c7121bd5e4a3918a71ea6502412292c97facf20c9620f07af96e423d6437e2
      size: 1528
  original:
    hackage: amazonka-2.0
- completed:
    hackage: amazonka-core-2.0@sha256:d9f0533c272ac92bd7b18699077038b6b51b3552e91b65743af4ce646286b4f8,4383
    pantry-tree:
      sha256: 46e7e4de910b08ee2df98db9cda2becf388ce49510024018289a46c43e175ee0
      size: 3222
  original:
    hackage: amazonka-core-2.0
- completed:
    hackage: amazonka-rds-2.0@sha256:678688f00aacf45a5d637f8053c067c489214e8cf1862ef228904d643fe3a298,13571
    pantry-tree:
      sha256: 9e15f29091371dfee5f684c0d6cc6a468fff39404f459fb78df9caf6d3b69a12
      size: 46592
  original:
    hackage: amazonka-rds-2.0
- completed:
    hackage: amazonka-sso-2.0@sha256:902be13b604e4a3b51a9b8e1adc6a32f42322ae11f738a72a8c737b2d0a91a5e,2995
    pantry-tree:
      sha256: f87dd959a78bf54295bd6f8c7da58f7f8f860251d5548ecb05ab758e03cba50b
      size: 1817
  original:
    hackage: amazonka-sso-2.0
- completed:
    hackage: amazonka-sts-2.0@sha256:5c721083e8d80883a893176de6105c27bbbd8176f467c27ac5f8d548a5e726d8,3209
    pantry-tree:
      sha256: bde4691af7cac74e0a3705271b4d3ac05515863bfb6f668112e3f3950a27cb41
      size: 2880
  original:
    hackage: amazonka-sts-2.0
- completed:
    hackage: co-log-0.5.0.0@sha256:a7e84650eaef7eba2d59ee7664309e79317a7ca67011abedf971f0e6bd6475bb,5448
    pantry-tree:
      sha256: 33b838c07c8b7e70b2e82bddc889bb1e6386d7e12a9d1593c0b4b263b1fcb925
      size: 1043
  original:
    hackage: co-log-0.5.0.0
- completed:
    hackage: chronos-1.1.5@sha256:ca35be5fdbbb384414226b4467c6d1c8b44defe59a9c8a3af32c1c5fb250c781,3830
    pantry-tree:
      sha256: 329bf39a05362a9c1f507a4a529725c757208843b562c55e0b7c88538dc3160f
      size: 581
  original:
    hackage: chronos-1.1.5
- completed:
    hackage: crypton-0.33@sha256:5e92f29b9b7104d91fcdda1dec9400c9ad1f1791c231cc41ceebd783fb517dee,18202
    pantry-tree:
      sha256: 38809499d7f9775ef45cd29ab5c3dc9b283a813f34c1cdc56681b24f8cf8bb4f
      size: 23148
  original:
    hackage: crypton-0.33
- completed:
    commit: 376e83aeee9a0c927eb17499c7b82adc1e8d080c
    git: https://codeberg.org/aka_dude/effectful-zoo
    name: effectful-co-log
    pantry-tree:
      sha256: 0d525c6a11213959f7136fb4aec6fe9ea0438e2e4eb4e822465405f8af2c4c57
      size: 133
    subdir: effectful-co-log
    version: 0.0.1.0
  original:
    commit: 376e83aeee9a0c927eb17499c7b82adc1e8d080c
    git: https://codeberg.org/aka_dude/effectful-zoo
    subdir: effectful-co-log
- completed:
    hackage: typerep-map-0.5.0.0@sha256:34f1ba9b268a6d52e26ae460011a5571e8099b50a3f4a7c8db25dd8efe3be8ee,4667
    pantry-tree:
      sha256: ca5565de307d260dc67f6dae0d4d33eee42a3238183461569b5142ceb909c91d
      size: 1487
  original:
    hackage: typerep-map-0.5.0.0
snapshots:
- completed:
    sha256: 5a59b2a405b3aba3c00188453be172b85893cab8ebc352b1ef58b0eae5d248a2
    size: 650475
    url: https://raw.githubusercontent.com/commercialhaskell/stackage-snapshots/master/lts/20/26.yaml
  original: lts-20.26
